
Microsoft Visual Studio Solution File, Format Version 12.00
# Visual Studio Version 17
VisualStudioVersion = 17.4.33403.182
MinimumVisualStudioVersion = 10.0.40219.1
Project("{FAE04EC0-301F-11D3-BF4B-00C04F79EFBC}") = "DapperApp", "DapperApp\DapperApp.csproj", "{F8F84591-E6FF-4693-89D5-DDC51ED7C220}"
EndProject
Global
	GlobalSection(SolutionConfigurationPlatforms) = preSolution
		Debug|Any CPU = Debug|Any CPU
		Release|Any CPU = Release|Any CPU
	EndGlobalSection
	GlobalSection(ProjectConfigurationPlatforms) = postSolution
		{F8F84591-E6FF-4693-89D5-DDC51ED7C220}.Debug|Any CPU.ActiveCfg = Debug|Any CPU
		{F8F84591-E6FF-4693-89D5-DDC51ED7C220}.Debug|Any CPU.Build.0 = Debug|Any CPU
		{F8F84591-E6FF-4693-89D5-DDC51ED7C220}.Release|Any CPU.ActiveCfg = Release|Any CPU
		{F8F84591-E6FF-4693-89D5-DDC51ED7C220}.Release|Any CPU.Build.0 = Release|Any CPU
	EndGlobalSection
	GlobalSection(SolutionProperties) = preSolution
		HideSolutionNode = FALSE
	EndGlobalSection
	GlobalSection(ExtensibilityGlobals) = postSolution
		SolutionGuid = {E94FDF15-DB59-4437-B4AE-838B02554647}
	EndGlobalSection
EndGlobal
